# This file is automatically @generated by Cargo.
# It is not intended for manual editing.
version = 3

[[package]]
name = "blake2b-ref"
version = "0.3.1"
source = "registry+https://github.com/rust-lang/crates.io-index"
checksum = "294d17c72e0ba59fad763caa112368d0672083779cdebbb97164f4bb4c1e339a"

[[package]]
name = "buddy-alloc"
version = "0.5.1"
source = "registry+https://github.com/rust-lang/crates.io-index"
checksum = "1f0d2da64a6a895d5a7e0724882825d50f83c13396b1b9f1878e19a024bab395"

[[package]]
name = "cc"
version = "1.0.83"
source = "registry+https://github.com/rust-lang/crates.io-index"
checksum = "f1174fb0b6ec23863f8b971027804a42614e347eafb0a95bf0b12cdae21fc4d0"
dependencies = [
 "libc",
]

[[package]]
name = "cfg-if"
version = "1.0.0"
source = "registry+https://github.com/rust-lang/crates.io-index"
checksum = "baf1de4339761588bc0619e3cbc0120ee582ebb74b53b4efbf79117bd2da40fd"

[[package]]
name = "ckb-auth-rs"
version = "0.1.0"
source = "git+https://github.com/nervosnetwork/ckb-auth.git?rev=df6e9ef#df6e9ef0e7ef3c83b6165e1ba180bf5a84a882ad"
dependencies = [
 "ckb-std",
 "hex",
 "log",
]

[[package]]
name = "ckb-standalone-types"
version = "0.1.5"
source = "registry+https://github.com/rust-lang/crates.io-index"
checksum = "b5c776d70eb4f60a22a3180857646d77b2da8d33c0c4a063ad9f6610fc94609f"
dependencies = [
 "blake2b-ref",
 "cfg-if",
 "molecule",
]

[[package]]
name = "ckb-std"
version = "0.14.3"
source = "registry+https://github.com/rust-lang/crates.io-index"
checksum = "2a08518aa0fd4ce069d3ec80b63dcd3d6543ad3805ad1c0b4e1d8e4d38f8a9fc"
dependencies = [
 "buddy-alloc",
 "cc",
 "ckb-standalone-types",
]

[[package]]
name = "ckb-transaction-cobuild"
version = "0.1.0"
dependencies = [
 "blake2b-ref",
 "ckb-std",
 "molecule",
]

[[package]]
name = "hex"
version = "0.4.3"
source = "registry+https://github.com/rust-lang/crates.io-index"
checksum = "7f24254aa9a54b5c858eaee2f5bccdb46aaf0e486a595ed5fd8f86ba55232a70"

[[package]]
name = "libc"
version = "0.2.150"
source = "registry+https://github.com/rust-lang/crates.io-index"
checksum = "89d92a4743f9a61002fae18374ed11e7973f530cb3a3255fb354818118b2203c"

[[package]]
name = "log"
version = "0.4.20"
source = "registry+https://github.com/rust-lang/crates.io-index"
checksum = "b5e6163cb8c49088c2c36f57875e58ccd8c87c7427f7fbd50ea6710b2f3f2e8f"

[[package]]
name = "molecule"
version = "0.7.5"
source = "registry+https://github.com/rust-lang/crates.io-index"
checksum = "d4fd9767ab5e5f2ea40f71ff4c8bdb633c50509052e093c2fdd0e390a749dfa3"
dependencies = [
 "cfg-if",
]

[[package]]
name = "transaction-cobuild-lock-demo"
version = "0.1.0"
dependencies = [
 "blake2b-ref",
 "ckb-auth-rs",
 "ckb-std",
 "ckb-transaction-cobuild",
 "molecule",
]
