# This file is automatically @generated by Cargo.
# It is not intended for manual editing.
version = 3

[[package]]
name = "always-success"
version = "0.1.0"
dependencies = [
 "ckb-std 0.15.1",
]

[[package]]
name = "blake2b-ref"
version = "0.3.1"
source = "registry+https://github.com/rust-lang/crates.io-index"
checksum = "294d17c72e0ba59fad763caa112368d0672083779cdebbb97164f4bb4c1e339a"

[[package]]
name = "buddy-alloc"
version = "0.5.1"
source = "registry+https://github.com/rust-lang/crates.io-index"
checksum = "1f0d2da64a6a895d5a7e0724882825d50f83c13396b1b9f1878e19a024bab395"

[[package]]
name = "bytes"
version = "1.5.0"
source = "registry+https://github.com/rust-lang/crates.io-index"
checksum = "a2bd12c1caf447e69cd4528f47f94d203fd2582878ecb9e9465484c4148a8223"

[[package]]
name = "cc"
version = "1.0.83"
source = "registry+https://github.com/rust-lang/crates.io-index"
checksum = "f1174fb0b6ec23863f8b971027804a42614e347eafb0a95bf0b12cdae21fc4d0"
dependencies = [
 "libc",
]

[[package]]
name = "cfg-if"
version = "1.0.0"
source = "registry+https://github.com/rust-lang/crates.io-index"
checksum = "baf1de4339761588bc0619e3cbc0120ee582ebb74b53b4efbf79117bd2da40fd"

[[package]]
name = "ckb-auth-rs"
version = "0.1.0"
source = "git+https://github.com/nervosnetwork/ckb-auth.git?rev=df6e9ef#df6e9ef0e7ef3c83b6165e1ba180bf5a84a882ad"
dependencies = [
 "ckb-std 0.14.3",
 "hex",
 "log",
]

[[package]]
name = "ckb-gen-types"
version = "0.111.0"
source = "registry+https://github.com/rust-lang/crates.io-index"
checksum = "a3bc54ca99b09e1eb5fc6c49bb1156644ce57fce9c6f52b5c13110b9a3143f7e"
dependencies = [
 "cfg-if",
 "molecule",
]

[[package]]
name = "ckb-gen-types"
version = "0.112.1"
source = "registry+https://github.com/rust-lang/crates.io-index"
checksum = "4a12020d50dd3757cde0fdc88d3837b7a2ab503fe38bd11be86ddace11318c77"
dependencies = [
 "cfg-if",
 "ckb-hash",
 "molecule",
]

[[package]]
name = "ckb-hash"
version = "0.112.1"
source = "registry+https://github.com/rust-lang/crates.io-index"
checksum = "25af660fc8746f7c756444e6aa47ede9a874206563b6a1ce1b230a5b86519392"
dependencies = [
 "blake2b-ref",
]

[[package]]
name = "ckb-standalone-types"
version = "0.1.5"
source = "registry+https://github.com/rust-lang/crates.io-index"
checksum = "b5c776d70eb4f60a22a3180857646d77b2da8d33c0c4a063ad9f6610fc94609f"
dependencies = [
 "blake2b-ref",
 "cfg-if",
 "molecule",
]

[[package]]
name = "ckb-std"
version = "0.14.3"
source = "registry+https://github.com/rust-lang/crates.io-index"
checksum = "2a08518aa0fd4ce069d3ec80b63dcd3d6543ad3805ad1c0b4e1d8e4d38f8a9fc"
dependencies = [
 "buddy-alloc",
 "cc",
 "ckb-standalone-types",
]

[[package]]
name = "ckb-std"
version = "0.15.1"
source = "registry+https://github.com/rust-lang/crates.io-index"
checksum = "c6f72eb58dfefcc444621dc97020ef96af0636aa59e26b9c110359cb6e37db59"
dependencies = [
 "buddy-alloc",
 "cc",
 "ckb-gen-types 0.112.1",
 "gcd",
]

[[package]]
name = "ckb-transaction-cobuild"
version = "0.1.0"
dependencies = [
 "blake2b-ref",
 "ckb-gen-types 0.111.0",
 "ckb-std 0.14.3",
 "molecule",
]

[[package]]
name = "gcd"
version = "2.3.0"
source = "registry+https://github.com/rust-lang/crates.io-index"
checksum = "1d758ba1b47b00caf47f24925c0074ecb20d6dfcffe7f6d53395c0465674841a"

[[package]]
name = "hex"
version = "0.4.3"
source = "registry+https://github.com/rust-lang/crates.io-index"
checksum = "7f24254aa9a54b5c858eaee2f5bccdb46aaf0e486a595ed5fd8f86ba55232a70"

[[package]]
name = "libc"
version = "0.2.150"
source = "registry+https://github.com/rust-lang/crates.io-index"
checksum = "89d92a4743f9a61002fae18374ed11e7973f530cb3a3255fb354818118b2203c"

[[package]]
name = "log"
version = "0.4.20"
source = "registry+https://github.com/rust-lang/crates.io-index"
checksum = "b5e6163cb8c49088c2c36f57875e58ccd8c87c7427f7fbd50ea6710b2f3f2e8f"

[[package]]
name = "molecule"
version = "0.7.5"
source = "git+https://github.com/XuJiandong/molecule.git?rev=785a309#785a3092d6a6210c37a16afb6b80535a50df7324"
dependencies = [
 "bytes",
 "cfg-if",
]

[[package]]
name = "transaction-cobuild-lock-demo"
version = "0.1.0"
dependencies = [
 "blake2b-ref",
 "ckb-auth-rs",
 "ckb-std 0.14.3",
 "ckb-transaction-cobuild",
 "molecule",
]

[[package]]
name = "transaction-cobuild-otx-lock-demo"
version = "0.1.0"
dependencies = [
 "blake2b-ref",
 "ckb-auth-rs",
 "ckb-std 0.14.3",
 "ckb-transaction-cobuild",
 "molecule",
]

[[package]]
name = "transaction-cobuild-type-demo"
version = "0.1.0"
dependencies = [
 "ckb-std 0.14.3",
 "ckb-transaction-cobuild",
]
